{
    "_meta": {
        "hash": {
            "sha256": "c84ff85b281d4be207d873d1866fbfb2b9f0aec384b5a80359d7061505298ef9"
        },
        "pipfile-spec": 6,
        "requires": {
            "python_version": "3.8"
        },
        "sources": [
            {
                "name": "pypi",
                "url": "https://pypi.org/simple",
                "verify_ssl": true
            }
        ]
    },
    "default": {
        "mpmath": {
            "hashes": [
                "sha256:fc17abe05fbab3382b61a123c398508183406fa132e0223874578e20946499f6"
            ],
            "index": "pypi",
            "version": "==1.1.0"
        },
        "sympy": {
            "hashes": [
                "sha256:7af1e11e9fcb72362c47a481dc010e518cfcb60a594d1ee8bd268f86ea7d6cbf",
                "sha256:9769e3d2952e211b1245f1d0dfdbfbdde1f7779a3953832b7dd2b88a21ca6cc6"
            ],
            "index": "pypi",
            "version": "==1.6"
        }
    },
    "develop": {}
}
